// !$*UTF8*$!
{
	archiveVersion = 1;
	classes = {
	};
	objectVersion = 50;
	objects = {

/* Begin PBXBuildFile section */
		49E0CCB72191869700B13234 /* main.cpp in Sources */ = {isa = PBXBuildFile; fileRef = 49E0CCB62191869700B13234 /* main.cpp */; };
		49E0CCC3219186EC00B13234 /* OpenGL.framework in Frameworks */ = {isa = PBXBuildFile; fileRef = 49E0CCC2219186EC00B13234 /* OpenGL.framework */; };
		49E0CCC52191871100B13234 /* libglfw.3.2.dylib in Frameworks */ = {isa = PBXBuildFile; fileRef = 49E0CCC42191871100B13234 /* libglfw.3.2.dylib */; };
		49E0CD26219187EB00B13234 /* fps-camera.cpp in Sources */ = {isa = PBXBuildFile; fileRef = 49E0CD0D219187EB00B13234 /* fps-camera.cpp */; };
		49E0CD27219187EB00B13234 /* mesh.cpp in Sources */ = {isa = PBXBuildFile; fileRef = 49E0CD0F219187EB00B13234 /* mesh.cpp */; };
		49E0CD28219187EB00B13234 /* box.cpp in Sources */ = {isa = PBXBuildFile; fileRef = 49E0CD10219187EB00B13234 /* box.cpp */; };
		49E0CD29219187EB00B13234 /* gl-object.cpp in Sources */ = {isa = PBXBuildFile; fileRef = 49E0CD11219187EB00B13234 /* gl-object.cpp */; };
		49E0CD2A219187EB00B13234 /* gl-window.cpp in Sources */ = {isa = PBXBuildFile; fileRef = 49E0CD16219187EB00B13234 /* gl-window.cpp */; };
		49E0CD2B219187EB00B13234 /* texture-manager.cpp in Sources */ = {isa = PBXBuildFile; fileRef = 49E0CD1A219187EB00B13234 /* texture-manager.cpp */; };
		49E0CD2C219187EB00B13234 /* shader.cpp in Sources */ = {isa = PBXBuildFile; fileRef = 49E0CD1D219187EB00B13234 /* shader.cpp */; };
		49E0CD2D219187EB00B13234 /* light.cpp in Sources */ = {isa = PBXBuildFile; fileRef = 49E0CD20219187EB00B13234 /* light.cpp */; };
		49E0CD2E219187EB00B13234 /* point-light.cpp in Sources */ = {isa = PBXBuildFile; fileRef = 49E0CD21219187EB00B13234 /* point-light.cpp */; };
		49E0CD302191881200B13234 /* glad.c in Sources */ = {isa = PBXBuildFile; fileRef = 49E0CD2F2191881200B13234 /* glad.c */; };
/* End PBXBuildFile section */

/* Begin PBXCopyFilesBuildPhase section */
		49E0CCB12191869700B13234 /* CopyFiles */ = {
			isa = PBXCopyFilesBuildPhase;
			buildActionMask = 2147483647;
			dstPath = /usr/share/man/man1/;
			dstSubfolderSpec = 0;
			files = (
			);
			runOnlyForDeploymentPostprocessing = 1;
		};
/* End PBXCopyFilesBuildPhase section */

/* Begin PBXFileReference section */
		49E0CCB32191869700B13234 /* learn-gl */ = {isa = PBXFileReference; explicitFileType = "compiled.mach-o.executable"; includeInIndex = 0; path = "learn-gl"; sourceTree = BUILT_PRODUCTS_DIR; };
		49E0CCB62191869700B13234 /* main.cpp */ = {isa = PBXFileReference; lastKnownFileType = sourcecode.cpp.cpp; path = main.cpp; sourceTree = "<group>"; };
		49E0CCBE219186DB00B13234 /* include */ = {isa = PBXFileReference; lastKnownFileType = folder; path = include; sourceTree = "<group>"; };
		49E0CCBF219186DB00B13234 /* assets */ = {isa = PBXFileReference; lastKnownFileType = folder; path = assets; sourceTree = "<group>"; };
		49E0CCC0219186DB00B13234 /* shader */ = {isa = PBXFileReference; lastKnownFileType = folder; path = shader; sourceTree = "<group>"; };
		49E0CCC2219186EC00B13234 /* OpenGL.framework */ = {isa = PBXFileReference; lastKnownFileType = wrapper.framework; name = OpenGL.framework; path = System/Library/Frameworks/OpenGL.framework; sourceTree = SDKROOT; };
		49E0CCC42191871100B13234 /* libglfw.3.2.dylib */ = {isa = PBXFileReference; lastKnownFileType = "compiled.mach-o.dylib"; name = libglfw.3.2.dylib; path = ../../../../../usr/local/lib/libglfw.3.2.dylib; sourceTree = "<group>"; };
		49E0CD0C219187EB00B13234 /* fps-camera.hpp */ = {isa = PBXFileReference; fileEncoding = 4; lastKnownFileType = sourcecode.cpp.h; path = "fps-camera.hpp"; sourceTree = "<group>"; };
		49E0CD0D219187EB00B13234 /* fps-camera.cpp */ = {isa = PBXFileReference; fileEncoding = 4; lastKnownFileType = sourcecode.cpp.cpp; path = "fps-camera.cpp"; sourceTree = "<group>"; };
		49E0CD0F219187EB00B13234 /* mesh.cpp */ = {isa = PBXFileReference; fileEncoding = 4; lastKnownFileType = sourcecode.cpp.cpp; path = mesh.cpp; sourceTree = "<group>"; };
		49E0CD10219187EB00B13234 /* box.cpp */ = {isa = PBXFileReference; fileEncoding = 4; lastKnownFileType = sourcecode.cpp.cpp; path = box.cpp; sourceTree = "<group>"; };
		49E0CD11219187EB00B13234 /* gl-object.cpp */ = {isa = PBXFileReference; fileEncoding = 4; lastKnownFileType = sourcecode.cpp.cpp; path = "gl-object.cpp"; sourceTree = "<group>"; };
		49E0CD12219187EB00B13234 /* mesh.hpp */ = {isa = PBXFileReference; fileEncoding = 4; lastKnownFileType = sourcecode.cpp.h; path = mesh.hpp; sourceTree = "<group>"; };
		49E0CD13219187EB00B13234 /* box.hpp */ = {isa = PBXFileReference; fileEncoding = 4; lastKnownFileType = sourcecode.cpp.h; path = box.hpp; sourceTree = "<group>"; };
		49E0CD14219187EB00B13234 /* gl-object.hpp */ = {isa = PBXFileReference; fileEncoding = 4; lastKnownFileType = sourcecode.cpp.h; path = "gl-object.hpp"; sourceTree = "<group>"; };
		49E0CD16219187EB00B13234 /* gl-window.cpp */ = {isa = PBXFileReference; fileEncoding = 4; lastKnownFileType = sourcecode.cpp.cpp; path = "gl-window.cpp"; sourceTree = "<group>"; };
		49E0CD17219187EB00B13234 /* gl-window.hpp */ = {isa = PBXFileReference; fileEncoding = 4; lastKnownFileType = sourcecode.cpp.h; path = "gl-window.hpp"; sourceTree = "<group>"; };
		49E0CD19219187EB00B13234 /* texture-manager.hpp */ = {isa = PBXFileReference; fileEncoding = 4; lastKnownFileType = sourcecode.cpp.h; path = "texture-manager.hpp"; sourceTree = "<group>"; };
		49E0CD1A219187EB00B13234 /* texture-manager.cpp */ = {isa = PBXFileReference; fileEncoding = 4; lastKnownFileType = sourcecode.cpp.cpp; path = "texture-manager.cpp"; sourceTree = "<group>"; };
		49E0CD1C219187EB00B13234 /* shader.h */ = {isa = PBXFileReference; fileEncoding = 4; lastKnownFileType = sourcecode.c.h; path = shader.h; sourceTree = "<group>"; };
		49E0CD1D219187EB00B13234 /* shader.cpp */ = {isa = PBXFileReference; fileEncoding = 4; lastKnownFileType = sourcecode.cpp.cpp; path = shader.cpp; sourceTree = "<group>"; };
		49E0CD1F219187EB00B13234 /* point-light.hpp */ = {isa = PBXFileReference; fileEncoding = 4; lastKnownFileType = sourcecode.cpp.h; path = "point-light.hpp"; sourceTree = "<group>"; };
		49E0CD20219187EB00B13234 /* light.cpp */ = {isa = PBXFileReference; fileEncoding = 4; lastKnownFileType = sourcecode.cpp.cpp; path = light.cpp; sourceTree = "<group>"; };
		49E0CD21219187EB00B13234 /* point-light.cpp */ = {isa = PBXFileReference; fileEncoding = 4; lastKnownFileType = sourcecode.cpp.cpp; path = "point-light.cpp"; sourceTree = "<group>"; };
		49E0CD22219187EB00B13234 /* light.hpp */ = {isa = PBXFileReference; fileEncoding = 4; lastKnownFileType = sourcecode.cpp.h; path = light.hpp; sourceTree = "<group>"; };
		49E0CD24219187EB00B13234 /* vertex.hpp */ = {isa = PBXFileReference; fileEncoding = 4; lastKnownFileType = sourcecode.cpp.h; path = vertex.hpp; sourceTree = "<group>"; };
		49E0CD25219187EB00B13234 /* texture.hpp */ = {isa = PBXFileReference; fileEncoding = 4; lastKnownFileType = sourcecode.cpp.h; path = texture.hpp; sourceTree = "<group>"; };
		49E0CD2F2191881200B13234 /* glad.c */ = {isa = PBXFileReference; fileEncoding = 4; lastKnownFileType = sourcecode.c.c; path = glad.c; sourceTree = "<group>"; };
/* End PBXFileReference section */

/* Begin PBXFrameworksBuildPhase section */
		49E0CCB02191869700B13234 /* Frameworks */ = {
			isa = PBXFrameworksBuildPhase;
			buildActionMask = 2147483647;
			files = (
				49E0CCC52191871100B13234 /* libglfw.3.2.dylib in Frameworks */,
				49E0CCC3219186EC00B13234 /* OpenGL.framework in Frameworks */,
			);
			runOnlyForDeploymentPostprocessing = 0;
		};
/* End PBXFrameworksBuildPhase section */

/* Begin PBXGroup section */
		49E0CCAA2191869700B13234 = {
			isa = PBXGroup;
			children = (
				49E0CCB52191869700B13234 /* learn-gl */,
				49E0CCB42191869700B13234 /* Products */,
				49E0CCC1219186EC00B13234 /* Frameworks */,
			);
			sourceTree = "<group>";
		};
		49E0CCB42191869700B13234 /* Products */ = {
			isa = PBXGroup;
			children = (
				49E0CCB32191869700B13234 /* learn-gl */,
			);
			name = Products;
			sourceTree = "<group>";
		};
		49E0CCB52191869700B13234 /* learn-gl */ = {
			isa = PBXGroup;
			children = (
				49E0CD2F2191881200B13234 /* glad.c */,
				49E0CD0A219187EB00B13234 /* engine */,
				49E0CCBF219186DB00B13234 /* assets */,
				49E0CCBE219186DB00B13234 /* include */,
				49E0CCC0219186DB00B13234 /* shader */,
				49E0CCB62191869700B13234 /* main.cpp */,
			);
			path = "learn-gl";
			sourceTree = "<group>";
		};
		49E0CCC1219186EC00B13234 /* Frameworks */ = {
			isa = PBXGroup;
			children = (
				49E0CCC42191871100B13234 /* libglfw.3.2.dylib */,
				49E0CCC2219186EC00B13234 /* OpenGL.framework */,
			);
			name = Frameworks;
			sourceTree = "<group>";
		};
		49E0CD0A219187EB00B13234 /* engine */ = {
			isa = PBXGroup;
			children = (
				49E0CD0B219187EB00B13234 /* camera */,
				49E0CD0E219187EB00B13234 /* object */,
				49E0CD15219187EB00B13234 /* window */,
				49E0CD18219187EB00B13234 /* texture */,
				49E0CD1B219187EB00B13234 /* shader */,
				49E0CD1E219187EB00B13234 /* light */,
				49E0CD23219187EB00B13234 /* data */,
			);
			path = engine;
			sourceTree = "<group>";
		};
		49E0CD0B219187EB00B13234 /* camera */ = {
			isa = PBXGroup;
			children = (
				49E0CD0C219187EB00B13234 /* fps-camera.hpp */,
				49E0CD0D219187EB00B13234 /* fps-camera.cpp */,
			);
			path = camera;
			sourceTree = "<group>";
		};
		49E0CD0E219187EB00B13234 /* object */ = {
			isa = PBXGroup;
			children = (
				49E0CD0F219187EB00B13234 /* mesh.cpp */,
				49E0CD10219187EB00B13234 /* box.cpp */,
				49E0CD11219187EB00B13234 /* gl-object.cpp */,
				49E0CD12219187EB00B13234 /* mesh.hpp */,
				49E0CD13219187EB00B13234 /* box.hpp */,
				49E0CD14219187EB00B13234 /* gl-object.hpp */,
			);
			path = object;
			sourceTree = "<group>";
		};
		49E0CD15219187EB00B13234 /* window */ = {
			isa = PBXGroup;
			children = (
				49E0CD16219187EB00B13234 /* gl-window.cpp */,
				49E0CD17219187EB00B13234 /* gl-window.hpp */,
			);
			path = window;
			sourceTree = "<group>";
		};
		49E0CD18219187EB00B13234 /* texture */ = {
			isa = PBXGroup;
			children = (
				49E0CD19219187EB00B13234 /* texture-manager.hpp */,
				49E0CD1A219187EB00B13234 /* texture-manager.cpp */,
			);
			path = texture;
			sourceTree = "<group>";
		};
		49E0CD1B219187EB00B13234 /* shader */ = {
			isa = PBXGroup;
			children = (
				49E0CD1C219187EB00B13234 /* shader.h */,
				49E0CD1D219187EB00B13234 /* shader.cpp */,
			);
			path = shader;
			sourceTree = "<group>";
		};
		49E0CD1E219187EB00B13234 /* light */ = {
			isa = PBXGroup;
			children = (
				49E0CD1F219187EB00B13234 /* point-light.hpp */,
				49E0CD20219187EB00B13234 /* light.cpp */,
				49E0CD21219187EB00B13234 /* point-light.cpp */,
				49E0CD22219187EB00B13234 /* light.hpp */,
			);
			path = light;
			sourceTree = "<group>";
		};
		49E0CD23219187EB00B13234 /* data */ = {
			isa = PBXGroup;
			children = (
				49E0CD24219187EB00B13234 /* vertex.hpp */,
				49E0CD25219187EB00B13234 /* texture.hpp */,
			);
			path = data;
			sourceTree = "<group>";
		};
/* End PBXGroup section */

/* Begin PBXNativeTarget section */
		49E0CCB22191869700B13234 /* learn-gl */ = {
			isa = PBXNativeTarget;
			buildConfigurationList = 49E0CCBA2191869700B13234 /* Build configuration list for PBXNativeTarget "learn-gl" */;
			buildPhases = (
				49E0CCAF2191869700B13234 /* Sources */,
				49E0CCB02191869700B13234 /* Frameworks */,
				49E0CCB12191869700B13234 /* CopyFiles */,
			);
			buildRules = (
			);
			dependencies = (
			);
			name = "learn-gl";
			productName = "learn-gl";
			productReference = 49E0CCB32191869700B13234 /* learn-gl */;
			productType = "com.apple.product-type.tool";
		};
/* End PBXNativeTarget section */

/* Begin PBXProject section */
		49E0CCAB2191869700B13234 /* Project object */ = {
			isa = PBXProject;
			attributes = {
				LastUpgradeCheck = 1010;
				ORGANIZATIONNAME = "Ferenc Nagy";
				TargetAttributes = {
					49E0CCB22191869700B13234 = {
						CreatedOnToolsVersion = 10.1;
					};
				};
			};
			buildConfigurationList = 49E0CCAE2191869700B13234 /* Build configuration list for PBXProject "learn-gl" */;
			compatibilityVersion = "Xcode 9.3";
			developmentRegion = en;
			hasScannedForEncodings = 0;
			knownRegions = (
				en,
			);
			mainGroup = 49E0CCAA2191869700B13234;
			productRefGroup = 49E0CCB42191869700B13234 /* Products */;
			projectDirPath = "";
			projectRoot = "";
			targets = (
				49E0CCB22191869700B13234 /* learn-gl */,
			);
		};
/* End PBXProject section */

/* Begin PBXSourcesBuildPhase section */
		49E0CCAF2191869700B13234 /* Sources */ = {
			isa = PBXSourcesBuildPhase;
			buildActionMask = 2147483647;
			files = (
				49E0CD2A219187EB00B13234 /* gl-window.cpp in Sources */,
				49E0CD26219187EB00B13234 /* fps-camera.cpp in Sources */,
				49E0CD2D219187EB00B13234 /* light.cpp in Sources */,
				49E0CD2C219187EB00B13234 /* shader.cpp in Sources */,
				49E0CD302191881200B13234 /* glad.c in Sources */,
				49E0CD2B219187EB00B13234 /* texture-manager.cpp in Sources */,
				49E0CD28219187EB00B13234 /* box.cpp in Sources */,
				49E0CD29219187EB00B13234 /* gl-object.cpp in Sources */,
				49E0CD2E219187EB00B13234 /* point-light.cpp in Sources */,
				49E0CCB72191869700B13234 /* main.cpp in Sources */,
				49E0CD27219187EB00B13234 /* mesh.cpp in Sources */,
			);
			runOnlyForDeploymentPostprocessing = 0;
		};
/* End PBXSourcesBuildPhase section */

/* Begin XCBuildConfiguration section */
		49E0CCB82191869700B13234 /* Debug */ = {
			isa = XCBuildConfiguration;
			buildSettings = {
				ALWAYS_SEARCH_USER_PATHS = NO;
				CLANG_ANALYZER_NONNULL = YES;
				CLANG_ANALYZER_NUMBER_OBJECT_CONVERSION = YES_AGGRESSIVE;
				CLANG_CXX_LANGUAGE_STANDARD = "gnu++14";
				CLANG_CXX_LIBRARY = "libc++";
				CLANG_ENABLE_MODULES = YES;
				CLANG_ENABLE_OBJC_ARC = YES;
				CLANG_ENABLE_OBJC_WEAK = YES;
				CLANG_WARN_BLOCK_CAPTURE_AUTORELEASING = YES;
				CLANG_WARN_BOOL_CONVERSION = YES;
				CLANG_WARN_COMMA = YES;
				CLANG_WARN_CONSTANT_CONVERSION = YES;
				CLANG_WARN_DEPRECATED_OBJC_IMPLEMENTATIONS = YES;
				CLANG_WARN_DIRECT_OBJC_ISA_USAGE = YES_ERROR;
				CLANG_WARN_DOCUMENTATION_COMMENTS = YES;
				CLANG_WARN_EMPTY_BODY = YES;
				CLANG_WARN_ENUM_CONVERSION = YES;
				CLANG_WARN_INFINITE_RECURSION = YES;
				CLANG_WARN_INT_CONVERSION = YES;
				CLANG_WARN_NON_LITERAL_NULL_CONVERSION = YES;
				CLANG_WARN_OBJC_IMPLICIT_RETAIN_SELF = YES;
				CLANG_WARN_OBJC_LITERAL_CONVERSION = YES;
				CLANG_WARN_OBJC_ROOT_CLASS = YES_ERROR;
				CLANG_WARN_RANGE_LOOP_ANALYSIS = YES;
				CLANG_WARN_STRICT_PROTOTYPES = YES;
				CLANG_WARN_SUSPICIOUS_MOVE = YES;
				CLANG_WARN_UNGUARDED_AVAILABILITY = YES_AGGRESSIVE;
				CLANG_WARN_UNREACHABLE_CODE = YES;
				CLANG_WARN__DUPLICATE_METHOD_MATCH = YES;
				CODE_SIGN_IDENTITY = "Mac Developer";
				COPY_PHASE_STRIP = NO;
				DEBUG_INFORMATION_FORMAT = dwarf;
				ENABLE_STRICT_OBJC_MSGSEND = YES;
				ENABLE_TESTABILITY = YES;
				GCC_C_LANGUAGE_STANDARD = gnu11;
				GCC_DYNAMIC_NO_PIC = NO;
				GCC_NO_COMMON_BLOCKS = YES;
				GCC_OPTIMIZATION_LEVEL = 0;
				GCC_PREPROCESSOR_DEFINITIONS = (
					"DEBUG=1",
					"$(inherited)",
				);
				GCC_WARN_64_TO_32_BIT_CONVERSION = YES;
				GCC_WARN_ABOUT_RETURN_TYPE = YES_ERROR;
				GCC_WARN_UNDECLARED_SELECTOR = YES;
				GCC_WARN_UNINITIALIZED_AUTOS = YES_AGGRESSIVE;
				GCC_WARN_UNUSED_FUNCTION = YES;
				GCC_WARN_UNUSED_VARIABLE = YES;
				MACOSX_DEPLOYMENT_TARGET = 10.13;
				MTL_ENABLE_DEBUG_INFO = INCLUDE_SOURCE;
				MTL_FAST_MATH = YES;
				ONLY_ACTIVE_ARCH = YES;
				SDKROOT = macosx;
			};
			name = Debug;
		};
		49E0CCB92191869700B13234 /* Release */ = {
			isa = XCBuildConfiguration;
			buildSettings = {
				ALWAYS_SEARCH_USER_PATHS = NO;
				CLANG_ANALYZER_NONNULL = YES;
				CLANG_ANALYZER_NUMBER_OBJECT_CONVERSION = YES_AGGRESSIVE;
				CLANG_CXX_LANGUAGE_STANDARD = "gnu++14";
				CLANG_CXX_LIBRARY = "libc++";
				CLANG_ENABLE_MODULES = YES;
				CLANG_ENABLE_OBJC_ARC = YES;
				CLANG_ENABLE_OBJC_WEAK = YES;
				CLANG_WARN_BLOCK_CAPTURE_AUTORELEASING = YES;
				CLANG_WARN_BOOL_CONVERSION = YES;
				CLANG_WARN_COMMA = YES;
				CLANG_WARN_CONSTANT_CONVERSION = YES;
				CLANG_WARN_DEPRECATED_OBJC_IMPLEMENTATIONS = YES;
				CLANG_WARN_DIRECT_OBJC_ISA_USAGE = YES_ERROR;
				CLANG_WARN_DOCUMENTATION_COMMENTS = YES;
				CLANG_WARN_EMPTY_BODY = YES;
				CLANG_WARN_ENUM_CONVERSION = YES;
				CLANG_WARN_INFINITE_RECURSION = YES;
				CLANG_WARN_INT_CONVERSION = YES;
				CLANG_WARN_NON_LITERAL_NULL_CONVERSION = YES;
				CLANG_WARN_OBJC_IMPLICIT_RETAIN_SELF = YES;
				CLANG_WARN_OBJC_LITERAL_CONVERSION = YES;
				CLANG_WARN_OBJC_ROOT_CLASS = YES_ERROR;
				CLANG_WARN_RANGE_LOOP_ANALYSIS = YES;
				CLANG_WARN_STRICT_PROTOTYPES = YES;
				CLANG_WARN_SUSPICIOUS_MOVE = YES;
				CLANG_WARN_UNGUARDED_AVAILABILITY = YES_AGGRESSIVE;
				CLANG_WARN_UNREACHABLE_CODE = YES;
				CLANG_WARN__DUPLICATE_METHOD_MATCH = YES;
				CODE_SIGN_IDENTITY = "Mac Developer";
				COPY_PHASE_STRIP = NO;
				DEBUG_INFORMATION_FORMAT = "dwarf-with-dsym";
				ENABLE_NS_ASSERTIONS = NO;
				ENABLE_STRICT_OBJC_MSGSEND = YES;
				GCC_C_LANGUAGE_STANDARD = gnu11;
				GCC_NO_COMMON_BLOCKS = YES;
				GCC_WARN_64_TO_32_BIT_CONVERSION = YES;
				GCC_WARN_ABOUT_RETURN_TYPE = YES_ERROR;
				GCC_WARN_UNDECLARED_SELECTOR = YES;
				GCC_WARN_UNINITIALIZED_AUTOS = YES_AGGRESSIVE;
				GCC_WARN_UNUSED_FUNCTION = YES;
				GCC_WARN_UNUSED_VARIABLE = YES;
				MACOSX_DEPLOYMENT_TARGET = 10.13;
				MTL_ENABLE_DEBUG_INFO = NO;
				MTL_FAST_MATH = YES;
				SDKROOT = macosx;
			};
			name = Release;
		};
		49E0CCBB2191869700B13234 /* Debug */ = {
			isa = XCBuildConfiguration;
			buildSettings = {
				CODE_SIGN_STYLE = Automatic;
				DEVELOPMENT_TEAM = FW9ZJ92WNH;
				HEADER_SEARCH_PATHS = (
					/usr/local/include,
					"./learn-gl/include",
				);
				LIBRARY_SEARCH_PATHS = /usr/local/lib;
				PRODUCT_NAME = "$(TARGET_NAME)";
			};
			name = Debug;
		};
		49E0CCBC2191869700B13234 /* Release */ = {
			isa = XCBuildConfiguration;
			buildSettings = {
				CODE_SIGN_STYLE = Automatic;
				DEVELOPMENT_TEAM = FW9ZJ92WNH;
				HEADER_SEARCH_PATHS = (
					/usr/local/include,
					"./learn-gl/include",
				);
				LIBRARY_SEARCH_PATHS = /usr/local/lib;
				PRODUCT_NAME = "$(TARGET_NAME)";
			};
			name = Release;
		};
/* End XCBuildConfiguration section */

/* Begin XCConfigurationList section */
		49E0CCAE2191869700B13234 /* Build configuration list for PBXProject "learn-gl" */ = {
			isa = XCConfigurationList;
			buildConfigurations = (
				49E0CCB82191869700B13234 /* Debug */,
				49E0CCB92191869700B13234 /* Release */,
			);
			defaultConfigurationIsVisible = 0;
			defaultConfigurationName = Release;
		};
		49E0CCBA2191869700B13234 /* Build configuration list for PBXNativeTarget "learn-gl" */ = {
			isa = XCConfigurationList;
			buildConfigurations = (
				49E0CCBB2191869700B13234 /* Debug */,
				49E0CCBC2191869700B13234 /* Release */,
			);
			defaultConfigurationIsVisible = 0;
			defaultConfigurationName = Release;
		};
/* End XCConfigurationList section */
	};
	rootObject = 49E0CCAB2191869700B13234 /* Project object */;
}
